
Microsoft Visual Studio Solution File, Format Version 12.00
# Visual Studio Version 17
VisualStudioVersion = 17.7.34009.444
MinimumVisualStudioVersion = 10.0.40219.1
Project("{FAE04EC0-301F-11D3-BF4B-00C04F79EFBC}") = "cadastroInsano", "cadastroInsano\cadastroInsano.csproj", "{31032F12-BA8E-4ACD-AD66-D468043DC99C}"
EndProject
Global
	GlobalSection(SolutionConfigurationPlatforms) = preSolution
		Debug|Any CPU = Debug|Any CPU
		Release|Any CPU = Release|Any CPU
	EndGlobalSection
	GlobalSection(ProjectConfigurationPlatforms) = postSolution
		{31032F12-BA8E-4ACD-AD66-D468043DC99C}.Debug|Any CPU.ActiveCfg = Debug|Any CPU
		{31032F12-BA8E-4ACD-AD66-D468043DC99C}.Debug|Any CPU.Build.0 = Debug|Any CPU
		{31032F12-BA8E-4ACD-AD66-D468043DC99C}.Release|Any CPU.ActiveCfg = Release|Any CPU
		{31032F12-BA8E-4ACD-AD66-D468043DC99C}.Release|Any CPU.Build.0 = Release|Any CPU
	EndGlobalSection
	GlobalSection(SolutionProperties) = preSolution
		HideSolutionNode = FALSE
	EndGlobalSection
	GlobalSection(ExtensibilityGlobals) = postSolution
		SolutionGuid = {15A352CD-2677-4187-8416-7DA9B077872A}
	EndGlobalSection
EndGlobal
